
Microsoft Visual Studio Solution File, Format Version 12.00
# Visual Studio Version 16
VisualStudioVersion = 16.0.29411.108
MinimumVisualStudioVersion = 10.0.40219.1
Project("{FAE04EC0-301F-11D3-BF4B-00C04F79EFBC}") = "Tftp", "Tftp\Tftp.csproj", "{3E287411-3D65-422D-A9D5-D40D63D8956A}"
EndProject
Global
	GlobalSection(SolutionConfigurationPlatforms) = preSolution
		Debug|Any CPU = Debug|Any CPU
		Release|Any CPU = Release|Any CPU
	EndGlobalSection
	GlobalSection(ProjectConfigurationPlatforms) = postSolution
		{3E287411-3D65-422D-A9D5-D40D63D8956A}.Debug|Any CPU.ActiveCfg = Debug|Any CPU
		{3E287411-3D65-422D-A9D5-D40D63D8956A}.Debug|Any CPU.Build.0 = Debug|Any CPU
		{3E287411-3D65-422D-A9D5-D40D63D8956A}.Release|Any CPU.ActiveCfg = Release|Any CPU
		{3E287411-3D65-422D-A9D5-D40D63D8956A}.Release|Any CPU.Build.0 = Release|Any CPU
	EndGlobalSection
	GlobalSection(SolutionProperties) = preSolution
		HideSolutionNode = FALSE
	EndGlobalSection
	GlobalSection(ExtensibilityGlobals) = postSolution
		SolutionGuid = {D8E505BC-7148-4E3D-A8F7-FB85B1C291BF}
	EndGlobalSection
EndGlobal
